{
  "name": "PetMine",
  "lockfileVersion": 3,
  "requires": true,
  "packages": {
    "": {
      "name": "PetMine",
      "dependencies": {
        "@cocos/creator-types": "^3.8.5"
      }
    },
    "node_modules/@cocos/creator-types": {
      "version": "3.8.5",
      "resolved": "https://registry.npmjs.org/@cocos/creator-types/-/creator-types-3.8.5.tgz",
      "integrity": "sha512-ZKBYAYMlBC1Ucb5glgr670/oWEP6sMmErDDCJt4nAhY9551lXmH3XYEv3HDpv1f0FvGKz2C4n0yMInNSQUbUNw=="
    }
  }
}
