{
  "name": "PetMine",
  "lockfileVersion": 3,
  "requires": true,
  "packages": {
    "": {
      "name": "PetMine",
      "dependencies": {
        "@cocos/creator-types": "^3.8.5",
        "eventemitter3": "^5.0.1"
      }
    },
    "node_modules/@cocos/creator-types": {
      "version": "3.8.5",
      "resolved": "https://registry.npmjs.org/@cocos/creator-types/-/creator-types-3.8.5.tgz",
      "integrity": "sha512-ZKBYAYMlBC1Ucb5glgr670/oWEP6sMmErDDCJt4nAhY9551lXmH3XYEv3HDpv1f0FvGKz2C4n0yMInNSQUbUNw=="
    },
    "node_modules/eventemitter3": {
      "version": "5.0.1",
      "resolved": "https://registry.npmjs.org/eventemitter3/-/eventemitter3-5.0.1.tgz",
      "integrity": "sha512-GWkBvjiSZK87ELrYOSESUYeVIc9mvLLf/nXalMOS5dYrgZq9o5OVkbZAVM06CVxYsCwH9BDZFPlQTlPA1j4ahA=="
    }
  }
}
